
Microsoft Visual Studio Solution File, Format Version 12.00
# Visual Studio Version 16
VisualStudioVersion = 16.0.31911.196
MinimumVisualStudioVersion = 10.0.40219.1
Project("{FAE04EC0-301F-11D3-BF4B-00C04F79EFBC}") = "ServerReservasi-020", "ServerReservasi-020\ServerReservasi-020.csproj", "{9AE2C95C-29EF-4457-AEFE-5296C3857756}"
EndProject
Global
	GlobalSection(SolutionConfigurationPlatforms) = preSolution
		Debug|Any CPU = Debug|Any CPU
		Release|Any CPU = Release|Any CPU
	EndGlobalSection
	GlobalSection(ProjectConfigurationPlatforms) = postSolution
		{9AE2C95C-29EF-4457-AEFE-5296C3857756}.Debug|Any CPU.ActiveCfg = Debug|Any CPU
		{9AE2C95C-29EF-4457-AEFE-5296C3857756}.Debug|Any CPU.Build.0 = Debug|Any CPU
		{9AE2C95C-29EF-4457-AEFE-5296C3857756}.Release|Any CPU.ActiveCfg = Release|Any CPU
		{9AE2C95C-29EF-4457-AEFE-5296C3857756}.Release|Any CPU.Build.0 = Release|Any CPU
	EndGlobalSection
	GlobalSection(SolutionProperties) = preSolution
		HideSolutionNode = FALSE
	EndGlobalSection
	GlobalSection(ExtensibilityGlobals) = postSolution
		SolutionGuid = {B0790528-7CED-478F-9345-1059109489A6}
	EndGlobalSection
EndGlobal
